
Microsoft Visual Studio Solution File, Format Version 12.00
# Visual Studio Version 17
VisualStudioVersion = 17.13.35825.156 d17.13
MinimumVisualStudioVersion = 10.0.40219.1
Project("{FAE04EC0-301F-11D3-BF4B-00C04F79EFBC}") = "WorkoutPlan", "WorkoutPlan\WorkoutPlan.csproj", "{B2063333-A834-404F-B6DB-5B8EE4183350}"
EndProject
Global
	GlobalSection(SolutionConfigurationPlatforms) = preSolution
		Debug|Any CPU = Debug|Any CPU
		Release|Any CPU = Release|Any CPU
	EndGlobalSection
	GlobalSection(ProjectConfigurationPlatforms) = postSolution
		{B2063333-A834-404F-B6DB-5B8EE4183350}.Debug|Any CPU.ActiveCfg = Debug|Any CPU
		{B2063333-A834-404F-B6DB-5B8EE4183350}.Debug|Any CPU.Build.0 = Debug|Any CPU
		{B2063333-A834-404F-B6DB-5B8EE4183350}.Release|Any CPU.ActiveCfg = Release|Any CPU
		{B2063333-A834-404F-B6DB-5B8EE4183350}.Release|Any CPU.Build.0 = Release|Any CPU
	EndGlobalSection
	GlobalSection(SolutionProperties) = preSolution
		HideSolutionNode = FALSE
	EndGlobalSection
	GlobalSection(ExtensibilityGlobals) = postSolution
		SolutionGuid = {90BFE7A4-D5BF-4E95-A414-4E65BFA13AE6}
	EndGlobalSection
EndGlobal
