
Microsoft Visual Studio Solution File, Format Version 12.00
# Visual Studio Version 17
VisualStudioVersion = 17.13.35825.156 d17.13
MinimumVisualStudioVersion = 10.0.40219.1
Project("{FAE04EC0-301F-11D3-BF4B-00C04F79EFBC}") = "ExerciseLibrary", "ExerciseLibrary\ExerciseLibrary.csproj", "{8CFBC68F-5FE2-434B-99DB-5135FB762779}"
EndProject
Project("{FAE04EC0-301F-11D3-BF4B-00C04F79EFBC}") = "WorkoutLibrary", "WorkoutLibrary\WorkoutLibrary.csproj", "{CBA50667-B8C7-4519-80B6-A72B06DCC3BF}"
EndProject
Project("{FAE04EC0-301F-11D3-BF4B-00C04F79EFBC}") = "WorkoutApp", "WorkoutApp\WorkoutApp.csproj", "{B2957420-A1D2-4B2E-8214-4934393F602A}"
EndProject
Global
	GlobalSection(SolutionConfigurationPlatforms) = preSolution
		Debug|Any CPU = Debug|Any CPU
		Release|Any CPU = Release|Any CPU
	EndGlobalSection
	GlobalSection(ProjectConfigurationPlatforms) = postSolution
		{8CFBC68F-5FE2-434B-99DB-5135FB762779}.Debug|Any CPU.ActiveCfg = Debug|Any CPU
		{8CFBC68F-5FE2-434B-99DB-5135FB762779}.Debug|Any CPU.Build.0 = Debug|Any CPU
		{8CFBC68F-5FE2-434B-99DB-5135FB762779}.Release|Any CPU.ActiveCfg = Release|Any CPU
		{8CFBC68F-5FE2-434B-99DB-5135FB762779}.Release|Any CPU.Build.0 = Release|Any CPU
		{CBA50667-B8C7-4519-80B6-A72B06DCC3BF}.Debug|Any CPU.ActiveCfg = Debug|Any CPU
		{CBA50667-B8C7-4519-80B6-A72B06DCC3BF}.Debug|Any CPU.Build.0 = Debug|Any CPU
		{CBA50667-B8C7-4519-80B6-A72B06DCC3BF}.Release|Any CPU.ActiveCfg = Release|Any CPU
		{CBA50667-B8C7-4519-80B6-A72B06DCC3BF}.Release|Any CPU.Build.0 = Release|Any CPU
		{B2957420-A1D2-4B2E-8214-4934393F602A}.Debug|Any CPU.ActiveCfg = Debug|Any CPU
		{B2957420-A1D2-4B2E-8214-4934393F602A}.Debug|Any CPU.Build.0 = Debug|Any CPU
		{B2957420-A1D2-4B2E-8214-4934393F602A}.Release|Any CPU.ActiveCfg = Release|Any CPU
		{B2957420-A1D2-4B2E-8214-4934393F602A}.Release|Any CPU.Build.0 = Release|Any CPU
	EndGlobalSection
	GlobalSection(SolutionProperties) = preSolution
		HideSolutionNode = FALSE
	EndGlobalSection
	GlobalSection(ExtensibilityGlobals) = postSolution
		SolutionGuid = {FB5F8BE5-A99A-4E7E-A576-CA26F917BC95}
	EndGlobalSection
EndGlobal
